// !$*UTF8*$!
{
	archiveVersion = 1;
	classes = {
	};
	objectVersion = 46;
	objects = {

/* Begin PBXBuildFile section */
		DF26D109197D7A10005607FB /* Foundation.framework in Frameworks */ = {isa = PBXBuildFile; fileRef = DF26D108197D7A10005607FB /* Foundation.framework */; };
		DF26D10B197D7A10005607FB /* CoreGraphics.framework in Frameworks */ = {isa = PBXBuildFile; fileRef = DF26D10A197D7A10005607FB /* CoreGraphics.framework */; };
		DF26D10D197D7A10005607FB /* UIKit.framework in Frameworks */ = {isa = PBXBuildFile; fileRef = DF26D10C197D7A10005607FB /* UIKit.framework */; };
		DF26D113197D7A10005607FB /* InfoPlist.strings in Resources */ = {isa = PBXBuildFile; fileRef = DF26D111197D7A10005607FB /* InfoPlist.strings */; };
		DF26D115197D7A10005607FB /* main.m in Sources */ = {isa = PBXBuildFile; fileRef = DF26D114197D7A10005607FB /* main.m */; };
		DF26D119197D7A10005607FB /* AppDelegate.m in Sources */ = {isa = PBXBuildFile; fileRef = DF26D118197D7A10005607FB /* AppDelegate.m */; };
		DF26D11C197D7A10005607FB /* Main.storyboard in Resources */ = {isa = PBXBuildFile; fileRef = DF26D11A197D7A10005607FB /* Main.storyboard */; };
		DF26D11F197D7A10005607FB /* ViewController.m in Sources */ = {isa = PBXBuildFile; fileRef = DF26D11E197D7A10005607FB /* ViewController.m */; };
		DF26D121197D7A10005607FB /* Images.xcassets in Resources */ = {isa = PBXBuildFile; fileRef = DF26D120197D7A10005607FB /* Images.xcassets */; };
		DF26D128197D7A10005607FB /* XCTest.framework in Frameworks */ = {isa = PBXBuildFile; fileRef = DF26D127197D7A10005607FB /* XCTest.framework */; };
		DF26D129197D7A10005607FB /* Foundation.framework in Frameworks */ = {isa = PBXBuildFile; fileRef = DF26D108197D7A10005607FB /* Foundation.framework */; };
		DF26D12A197D7A10005607FB /* UIKit.framework in Frameworks */ = {isa = PBXBuildFile; fileRef = DF26D10C197D7A10005607FB /* UIKit.framework */; };
		DF26D132197D7A11005607FB /* InfoPlist.strings in Resources */ = {isa = PBXBuildFile; fileRef = DF26D130197D7A11005607FB /* InfoPlist.strings */; };
		DF26D134197D7A11005607FB /* GitHub_Test1Tests.m in Sources */ = {isa = PBXBuildFile; fileRef = DF26D133197D7A11005607FB /* GitHub_Test1Tests.m */; };
/* End PBXBuildFile section */

/* Begin PBXContainerItemProxy section */
		DF26D12B197D7A11005607FB /* PBXContainerItemProxy */ = {
			isa = PBXContainerItemProxy;
			containerPortal = DF26D0FD197D7A10005607FB /* Project object */;
			proxyType = 1;
			remoteGlobalIDString = DF26D104197D7A10005607FB;
			remoteInfo = GitHub_Test1;
		};
/* End PBXContainerItemProxy section */

/* Begin PBXFileReference section */
		DF26D105197D7A10005607FB /* GitHub_Test1.app */ = {isa = PBXFileReference; explicitFileType = wrapper.application; includeInIndex = 0; path = GitHub_Test1.app; sourceTree = BUILT_PRODUCTS_DIR; };
		DF26D108197D7A10005607FB /* Foundation.framework */ = {isa = PBXFileReference; lastKnownFileType = wrapper.framework; name = Foundation.framework; path = System/Library/Frameworks/Foundation.framework; sourceTree = SDKROOT; };
		DF26D10A197D7A10005607FB /* CoreGraphics.framework */ = {isa = PBXFileReference; lastKnownFileType = wrapper.framework; name = CoreGraphics.framework; path = System/Library/Frameworks/CoreGraphics.framework; sourceTree = SDKROOT; };
		DF26D10C197D7A10005607FB /* UIKit.framework */ = {isa = PBXFileReference; lastKnownFileType = wrapper.framework; name = UIKit.framework; path = System/Library/Frameworks/UIKit.framework; sourceTree = SDKROOT; };
		DF26D110197D7A10005607FB /* GitHub_Test1-Info.plist */ = {isa = PBXFileReference; lastKnownFileType = text.plist.xml; path = "GitHub_Test1-Info.plist"; sourceTree = "<group>"; };
		DF26D112197D7A10005607FB /* en */ = {isa = PBXFileReference; lastKnownFileType = text.plist.strings; name = en; path = en.lproj/InfoPlist.strings; sourceTree = "<group>"; };
		DF26D114197D7A10005607FB /* main.m */ = {isa = PBXFileReference; lastKnownFileType = sourcecode.c.objc; path = main.m; sourceTree = "<group>"; };
		DF26D116197D7A10005607FB /* GitHub_Test1-Prefix.pch */ = {isa = PBXFileReference; lastKnownFileType = sourcecode.c.h; path = "GitHub_Test1-Prefix.pch"; sourceTree = "<group>"; };
		DF26D117197D7A10005607FB /* AppDelegate.h */ = {isa = PBXFileReference; lastKnownFileType = sourcecode.c.h; path = AppDelegate.h; sourceTree = "<group>"; };
		DF26D118197D7A10005607FB /* AppDelegate.m */ = {isa = PBXFileReference; lastKnownFileType = sourcecode.c.objc; path = AppDelegate.m; sourceTree = "<group>"; };
		DF26D11B197D7A10005607FB /* Base */ = {isa = PBXFileReference; lastKnownFileType = file.storyboard; name = Base; path = Base.lproj/Main.storyboard; sourceTree = "<group>"; };
		DF26D11D197D7A10005607FB /* ViewController.h */ = {isa = PBXFileReference; lastKnownFileType = sourcecode.c.h; path = ViewController.h; sourceTree = "<group>"; };
		DF26D11E197D7A10005607FB /* ViewController.m */ = {isa = PBXFileReference; lastKnownFileType = sourcecode.c.objc; path = ViewController.m; sourceTree = "<group>"; };
		DF26D120197D7A10005607FB /* Images.xcassets */ = {isa = PBXFileReference; lastKnownFileType = folder.assetcatalog; path = Images.xcassets; sourceTree = "<group>"; };
		DF26D126197D7A10005607FB /* GitHub_Test1Tests.xctest */ = {isa = PBXFileReference; explicitFileType = wrapper.cfbundle; includeInIndex = 0; path = GitHub_Test1Tests.xctest; sourceTree = BUILT_PRODUCTS_DIR; };
		DF26D127197D7A10005607FB /* XCTest.framework */ = {isa = PBXFileReference; lastKnownFileType = wrapper.framework; name = XCTest.framework; path = Library/Frameworks/XCTest.framework; sourceTree = DEVELOPER_DIR; };
		DF26D12F197D7A11005607FB /* GitHub_Test1Tests-Info.plist */ = {isa = PBXFileReference; lastKnownFileType = text.plist.xml; path = "GitHub_Test1Tests-Info.plist"; sourceTree = "<group>"; };
		DF26D131197D7A11005607FB /* en */ = {isa = PBXFileReference; lastKnownFileType = text.plist.strings; name = en; path = en.lproj/InfoPlist.strings; sourceTree = "<group>"; };
		DF26D133197D7A11005607FB /* GitHub_Test1Tests.m */ = {isa = PBXFileReference; lastKnownFileType = sourcecode.c.objc; path = GitHub_Test1Tests.m; sourceTree = "<group>"; };
/* End PBXFileReference section */

/* Begin PBXFrameworksBuildPhase section */
		DF26D102197D7A10005607FB /* Frameworks */ = {
			isa = PBXFrameworksBuildPhase;
			buildActionMask = 2147483647;
			files = (
				DF26D10B197D7A10005607FB /* CoreGraphics.framework in Frameworks */,
				DF26D10D197D7A10005607FB /* UIKit.framework in Frameworks */,
				DF26D109197D7A10005607FB /* Foundation.framework in Frameworks */,
			);
			runOnlyForDeploymentPostprocessing = 0;
		};
		DF26D123197D7A10005607FB /* Frameworks */ = {
			isa = PBXFrameworksBuildPhase;
			buildActionMask = 2147483647;
			files = (
				DF26D128197D7A10005607FB /* XCTest.framework in Frameworks */,
				DF26D12A197D7A10005607FB /* UIKit.framework in Frameworks */,
				DF26D129197D7A10005607FB /* Foundation.framework in Frameworks */,
			);
			runOnlyForDeploymentPostprocessing = 0;
		};
/* End PBXFrameworksBuildPhase section */

/* Begin PBXGroup section */
		DF26D0FC197D7A10005607FB = {
			isa = PBXGroup;
			children = (
				DF26D10E197D7A10005607FB /* GitHub_Test1 */,
				DF26D12D197D7A11005607FB /* GitHub_Test1Tests */,
				DF26D107197D7A10005607FB /* Frameworks */,
				DF26D106197D7A10005607FB /* Products */,
			);
			sourceTree = "<group>";
		};
		DF26D106197D7A10005607FB /* Products */ = {
			isa = PBXGroup;
			children = (
				DF26D105197D7A10005607FB /* GitHub_Test1.app */,
				DF26D126197D7A10005607FB /* GitHub_Test1Tests.xctest */,
			);
			name = Products;
			sourceTree = "<group>";
		};
		DF26D107197D7A10005607FB /* Frameworks */ = {
			isa = PBXGroup;
			children = (
				DF26D108197D7A10005607FB /* Foundation.framework */,
				DF26D10A197D7A10005607FB /* CoreGraphics.framework */,
				DF26D10C197D7A10005607FB /* UIKit.framework */,
				DF26D127197D7A10005607FB /* XCTest.framework */,
			);
			name = Frameworks;
			sourceTree = "<group>";
		};
		DF26D10E197D7A10005607FB /* GitHub_Test1 */ = {
			isa = PBXGroup;
			children = (
				DF26D117197D7A10005607FB /* AppDelegate.h */,
				DF26D118197D7A10005607FB /* AppDelegate.m */,
				DF26D11A197D7A10005607FB /* Main.storyboard */,
				DF26D11D197D7A10005607FB /* ViewController.h */,
				DF26D11E197D7A10005607FB /* ViewController.m */,
				DF26D120197D7A10005607FB /* Images.xcassets */,
				DF26D10F197D7A10005607FB /* Supporting Files */,
			);
			path = GitHub_Test1;
			sourceTree = "<group>";
		};
		DF26D10F197D7A10005607FB /* Supporting Files */ = {
			isa = PBXGroup;
			children = (
				DF26D110197D7A10005607FB /* GitHub_Test1-Info.plist */,
				DF26D111197D7A10005607FB /* InfoPlist.strings */,
				DF26D114197D7A10005607FB /* main.m */,
				DF26D116197D7A10005607FB /* GitHub_Test1-Prefix.pch */,
			);
			name = "Supporting Files";
			sourceTree = "<group>";
		};
		DF26D12D197D7A11005607FB /* GitHub_Test1Tests */ = {
			isa = PBXGroup;
			children = (
				DF26D133197D7A11005607FB /* GitHub_Test1Tests.m */,
				DF26D12E197D7A11005607FB /* Supporting Files */,
			);
			path = GitHub_Test1Tests;
			sourceTree = "<group>";
		};
		DF26D12E197D7A11005607FB /* Supporting Files */ = {
			isa = PBXGroup;
			children = (
				DF26D12F197D7A11005607FB /* GitHub_Test1Tests-Info.plist */,
				DF26D130197D7A11005607FB /* InfoPlist.strings */,
			);
			name = "Supporting Files";
			sourceTree = "<group>";
		};
/* End PBXGroup section */

/* Begin PBXNativeTarget section */
		DF26D104197D7A10005607FB /* GitHub_Test1 */ = {
			isa = PBXNativeTarget;
			buildConfigurationList = DF26D137197D7A11005607FB /* Build configuration list for PBXNativeTarget "GitHub_Test1" */;
			buildPhases = (
				DF26D101197D7A10005607FB /* Sources */,
				DF26D102197D7A10005607FB /* Frameworks */,
				DF26D103197D7A10005607FB /* Resources */,
			);
			buildRules = (
			);
			dependencies = (
			);
			name = GitHub_Test1;
			productName = GitHub_Test1;
			productReference = DF26D105197D7A10005607FB /* GitHub_Test1.app */;
			productType = "com.apple.product-type.application";
		};
		DF26D125197D7A10005607FB /* GitHub_Test1Tests */ = {
			isa = PBXNativeTarget;
			buildConfigurationList = DF26D13A197D7A11005607FB /* Build configuration list for PBXNativeTarget "GitHub_Test1Tests" */;
			buildPhases = (
				DF26D122197D7A10005607FB /* Sources */,
				DF26D123197D7A10005607FB /* Frameworks */,
				DF26D124197D7A10005607FB /* Resources */,
			);
			buildRules = (
			);
			dependencies = (
				DF26D12C197D7A11005607FB /* PBXTargetDependency */,
			);
			name = GitHub_Test1Tests;
			productName = GitHub_Test1Tests;
			productReference = DF26D126197D7A10005607FB /* GitHub_Test1Tests.xctest */;
			productType = "com.apple.product-type.bundle.unit-test";
		};
/* End PBXNativeTarget section */

/* Begin PBXProject section */
		DF26D0FD197D7A10005607FB /* Project object */ = {
			isa = PBXProject;
			attributes = {
				LastUpgradeCheck = 0510;
				ORGANIZATIONNAME = cmeats;
				TargetAttributes = {
					DF26D125197D7A10005607FB = {
						TestTargetID = DF26D104197D7A10005607FB;
					};
				};
			};
			buildConfigurationList = DF26D100197D7A10005607FB /* Build configuration list for PBXProject "GitHub_Test1" */;
			compatibilityVersion = "Xcode 3.2";
			developmentRegion = English;
			hasScannedForEncodings = 0;
			knownRegions = (
				en,
				Base,
			);
			mainGroup = DF26D0FC197D7A10005607FB;
			productRefGroup = DF26D106197D7A10005607FB /* Products */;
			projectDirPath = "";
			projectRoot = "";
			targets = (
				DF26D104197D7A10005607FB /* GitHub_Test1 */,
				DF26D125197D7A10005607FB /* GitHub_Test1Tests */,
			);
		};
/* End PBXProject section */

/* Begin PBXResourcesBuildPhase section */
		DF26D103197D7A10005607FB /* Resources */ = {
			isa = PBXResourcesBuildPhase;
			buildActionMask = 2147483647;
			files = (
				DF26D121197D7A10005607FB /* Images.xcassets in Resources */,
				DF26D113197D7A10005607FB /* InfoPlist.strings in Resources */,
				DF26D11C197D7A10005607FB /* Main.storyboard in Resources */,
			);
			runOnlyForDeploymentPostprocessing = 0;
		};
		DF26D124197D7A10005607FB /* Resources */ = {
			isa = PBXResourcesBuildPhase;
			buildActionMask = 2147483647;
			files = (
				DF26D132197D7A11005607FB /* InfoPlist.strings in Resources */,
			);
			runOnlyForDeploymentPostprocessing = 0;
		};
/* End PBXResourcesBuildPhase section */

/* Begin PBXSourcesBuildPhase section */
		DF26D101197D7A10005607FB /* Sources */ = {
			isa = PBXSourcesBuildPhase;
			buildActionMask = 2147483647;
			files = (
				DF26D11F197D7A10005607FB /* ViewController.m in Sources */,
				DF26D119197D7A10005607FB /* AppDelegate.m in Sources */,
				DF26D115197D7A10005607FB /* main.m in Sources */,
			);
			runOnlyForDeploymentPostprocessing = 0;
		};
		DF26D122197D7A10005607FB /* Sources */ = {
			isa = PBXSourcesBuildPhase;
			buildActionMask = 2147483647;
			files = (
				DF26D134197D7A11005607FB /* GitHub_Test1Tests.m in Sources */,
			);
			runOnlyForDeploymentPostprocessing = 0;
		};
/* End PBXSourcesBuildPhase section */

/* Begin PBXTargetDependency section */
		DF26D12C197D7A11005607FB /* PBXTargetDependency */ = {
			isa = PBXTargetDependency;
			target = DF26D104197D7A10005607FB /* GitHub_Test1 */;
			targetProxy = DF26D12B197D7A11005607FB /* PBXContainerItemProxy */;
		};
/* End PBXTargetDependency section */

/* Begin PBXVariantGroup section */
		DF26D111197D7A10005607FB /* InfoPlist.strings */ = {
			isa = PBXVariantGroup;
			children = (
				DF26D112197D7A10005607FB /* en */,
			);
			name = InfoPlist.strings;
			sourceTree = "<group>";
		};
		DF26D11A197D7A10005607FB /* Main.storyboard */ = {
			isa = PBXVariantGroup;
			children = (
				DF26D11B197D7A10005607FB /* Base */,
			);
			name = Main.storyboard;
			sourceTree = "<group>";
		};
		DF26D130197D7A11005607FB /* InfoPlist.strings */ = {
			isa = PBXVariantGroup;
			children = (
				DF26D131197D7A11005607FB /* en */,
			);
			name = InfoPlist.strings;
			sourceTree = "<group>";
		};
/* End PBXVariantGroup section */

/* Begin XCBuildConfiguration section */
		DF26D135197D7A11005607FB /* Debug */ = {
			isa = XCBuildConfiguration;
			buildSettings = {
				ALWAYS_SEARCH_USER_PATHS = NO;
				CLANG_CXX_LANGUAGE_STANDARD = "gnu++0x";
				CLANG_CXX_LIBRARY = "libc++";
				CLANG_ENABLE_MODULES = YES;
				CLANG_ENABLE_OBJC_ARC = YES;
				CLANG_WARN_BOOL_CONVERSION = YES;
				CLANG_WARN_CONSTANT_CONVERSION = YES;
				CLANG_WARN_DIRECT_OBJC_ISA_USAGE = YES_ERROR;
				CLANG_WARN_EMPTY_BODY = YES;
				CLANG_WARN_ENUM_CONVERSION = YES;
				CLANG_WARN_INT_CONVERSION = YES;
				CLANG_WARN_OBJC_ROOT_CLASS = YES_ERROR;
				CLANG_WARN__DUPLICATE_METHOD_MATCH = YES;
				"CODE_SIGN_IDENTITY[sdk=iphoneos*]" = "iPhone Developer";
				COPY_PHASE_STRIP = NO;
				GCC_C_LANGUAGE_STANDARD = gnu99;
				GCC_DYNAMIC_NO_PIC = NO;
				GCC_OPTIMIZATION_LEVEL = 0;
				GCC_PREPROCESSOR_DEFINITIONS = (
					"DEBUG=1",
					"$(inherited)",
				);
				GCC_SYMBOLS_PRIVATE_EXTERN = NO;
				GCC_WARN_64_TO_32_BIT_CONVERSION = YES;
				GCC_WARN_ABOUT_RETURN_TYPE = YES_ERROR;
				GCC_WARN_UNDECLARED_SELECTOR = YES;
				GCC_WARN_UNINITIALIZED_AUTOS = YES_AGGRESSIVE;
				GCC_WARN_UNUSED_FUNCTION = YES;
				GCC_WARN_UNUSED_VARIABLE = YES;
				IPHONEOS_DEPLOYMENT_TARGET = 7.1;
				ONLY_ACTIVE_ARCH = YES;
				SDKROOT = iphoneos;
			};
			name = Debug;
		};
		DF26D136197D7A11005607FB /* Release */ = {
			isa = XCBuildConfiguration;
			buildSettings = {
				ALWAYS_SEARCH_USER_PATHS = NO;
				CLANG_CXX_LANGUAGE_STANDARD = "gnu++0x";
				CLANG_CXX_LIBRARY = "libc++";
				CLANG_ENABLE_MODULES = YES;
				CLANG_ENABLE_OBJC_ARC = YES;
				CLANG_WARN_BOOL_CONVERSION = YES;
				CLANG_WARN_CONSTANT_CONVERSION = YES;
				CLANG_WARN_DIRECT_OBJC_ISA_USAGE = YES_ERROR;
				CLANG_WARN_EMPTY_BODY = YES;
				CLANG_WARN_ENUM_CONVERSION = YES;
				CLANG_WARN_INT_CONVERSION = YES;
				CLANG_WARN_OBJC_ROOT_CLASS = YES_ERROR;
				CLANG_WARN__DUPLICATE_METHOD_MATCH = YES;
				"CODE_SIGN_IDENTITY[sdk=iphoneos*]" = "iPhone Developer";
				COPY_PHASE_STRIP = YES;
				ENABLE_NS_ASSERTIONS = NO;
				GCC_C_LANGUAGE_STANDARD = gnu99;
				GCC_WARN_64_TO_32_BIT_CONVERSION = YES;
				GCC_WARN_ABOUT_RETURN_TYPE = YES_ERROR;
				GCC_WARN_UNDECLARED_SELECTOR = YES;
				GCC_WARN_UNINITIALIZED_AUTOS = YES_AGGRESSIVE;
				GCC_WARN_UNUSED_FUNCTION = YES;
				GCC_WARN_UNUSED_VARIABLE = YES;
				IPHONEOS_DEPLOYMENT_TARGET = 7.1;
				SDKROOT = iphoneos;
				VALIDATE_PRODUCT = YES;
			};
			name = Release;
		};
		DF26D138197D7A11005607FB /* Debug */ = {
			isa = XCBuildConfiguration;
			buildSettings = {
				ASSETCATALOG_COMPILER_APPICON_NAME = AppIcon;
				ASSETCATALOG_COMPILER_LAUNCHIMAGE_NAME = LaunchImage;
				GCC_PRECOMPILE_PREFIX_HEADER = YES;
				GCC_PREFIX_HEADER = "GitHub_Test1/GitHub_Test1-Prefix.pch";
				INFOPLIST_FILE = "GitHub_Test1/GitHub_Test1-Info.plist";
				PRODUCT_NAME = "$(TARGET_NAME)";
				WRAPPER_EXTENSION = app;
			};
			name = Debug;
		};
		DF26D139197D7A11005607FB /* Release */ = {
			isa = XCBuildConfiguration;
			buildSettings = {
				ASSETCATALOG_COMPILER_APPICON_NAME = AppIcon;
				ASSETCATALOG_COMPILER_LAUNCHIMAGE_NAME = LaunchImage;
				GCC_PRECOMPILE_PREFIX_HEADER = YES;
				GCC_PREFIX_HEADER = "GitHub_Test1/GitHub_Test1-Prefix.pch";
				INFOPLIST_FILE = "GitHub_Test1/GitHub_Test1-Info.plist";
				PRODUCT_NAME = "$(TARGET_NAME)";
				WRAPPER_EXTENSION = app;
			};
			name = Release;
		};
		DF26D13B197D7A11005607FB /* Debug */ = {
			isa = XCBuildConfiguration;
			buildSettings = {
				BUNDLE_LOADER = "$(BUILT_PRODUCTS_DIR)/GitHub_Test1.app/GitHub_Test1";
				FRAMEWORK_SEARCH_PATHS = (
					"$(SDKROOT)/Developer/Library/Frameworks",
					"$(inherited)",
					"$(DEVELOPER_FRAMEWORKS_DIR)",
				);
				GCC_PRECOMPILE_PREFIX_HEADER = YES;
				GCC_PREFIX_HEADER = "GitHub_Test1/GitHub_Test1-Prefix.pch";
				GCC_PREPROCESSOR_DEFINITIONS = (
					"DEBUG=1",
					"$(inherited)",
				);
				INFOPLIST_FILE = "GitHub_Test1Tests/GitHub_Test1Tests-Info.plist";
				PRODUCT_NAME = "$(TARGET_NAME)";
				TEST_HOST = "$(BUNDLE_LOADER)";
				WRAPPER_EXTENSION = xctest;
			};
			name = Debug;
		};
		DF26D13C197D7A11005607FB /* Release */ = {
			isa = XCBuildConfiguration;
			buildSettings = {
				BUNDLE_LOADER = "$(BUILT_PRODUCTS_DIR)/GitHub_Test1.app/GitHub_Test1";
				FRAMEWORK_SEARCH_PATHS = (
					"$(SDKROOT)/Developer/Library/Frameworks",
					"$(inherited)",
					"$(DEVELOPER_FRAMEWORKS_DIR)",
				);
				GCC_PRECOMPILE_PREFIX_HEADER = YES;
				GCC_PREFIX_HEADER = "GitHub_Test1/GitHub_Test1-Prefix.pch";
				INFOPLIST_FILE = "GitHub_Test1Tests/GitHub_Test1Tests-Info.plist";
				PRODUCT_NAME = "$(TARGET_NAME)";
				TEST_HOST = "$(BUNDLE_LOADER)";
				WRAPPER_EXTENSION = xctest;
			};
			name = Release;
		};
/* End XCBuildConfiguration section */

/* Begin XCConfigurationList section */
		DF26D100197D7A10005607FB /* Build configuration list for PBXProject "GitHub_Test1" */ = {
			isa = XCConfigurationList;
			buildConfigurations = (
				DF26D135197D7A11005607FB /* Debug */,
				DF26D136197D7A11005607FB /* Release */,
			);
			defaultConfigurationIsVisible = 0;
			defaultConfigurationName = Release;
		};
		DF26D137197D7A11005607FB /* Build configuration list for PBXNativeTarget "GitHub_Test1" */ = {
			isa = XCConfigurationList;
			buildConfigurations = (
				DF26D138197D7A11005607FB /* Debug */,
				DF26D139197D7A11005607FB /* Release */,
			);
			defaultConfigurationIsVisible = 0;
		};
		DF26D13A197D7A11005607FB /* Build configuration list for PBXNativeTarget "GitHub_Test1Tests" */ = {
			isa = XCConfigurationList;
			buildConfigurations = (
				DF26D13B197D7A11005607FB /* Debug */,
				DF26D13C197D7A11005607FB /* Release */,
			);
			defaultConfigurationIsVisible = 0;
		};
/* End XCConfigurationList section */
	};
	rootObject = DF26D0FD197D7A10005607FB /* Project object */;
}
